
Microsoft Visual Studio Solution File, Format Version 12.00
# Visual Studio Version 17
VisualStudioVersion = 17.0.31903.59
MinimumVisualStudioVersion = 10.0.40219.1
Project("{FAE04EC0-301F-11D3-BF4B-00C04F79EFBC}") = "GameCore", "GameCore\GameCore.csproj", "{3049C3FD-D4A4-45E6-9848-44889E642ED0}"
EndProject
Project("{FAE04EC0-301F-11D3-BF4B-00C04F79EFBC}") = "GameCore.Tests", "GameCore.Tests\GameCore.Tests.csproj", "{863B7AC8-80C2-4FDF-9BAA-CFD51BAB27DF}"
EndProject
Global
	GlobalSection(SolutionConfigurationPlatforms) = preSolution
		Debug|Any CPU = Debug|Any CPU
		Release|Any CPU = Release|Any CPU
	EndGlobalSection
	GlobalSection(SolutionProperties) = preSolution
		HideSolutionNode = FALSE
	EndGlobalSection
	GlobalSection(ProjectConfigurationPlatforms) = postSolution
		{3049C3FD-D4A4-45E6-9848-44889E642ED0}.Debug|Any CPU.ActiveCfg = Debug|Any CPU
		{3049C3FD-D4A4-45E6-9848-44889E642ED0}.Debug|Any CPU.Build.0 = Debug|Any CPU
		{3049C3FD-D4A4-45E6-9848-44889E642ED0}.Release|Any CPU.ActiveCfg = Release|Any CPU
		{3049C3FD-D4A4-45E6-9848-44889E642ED0}.Release|Any CPU.Build.0 = Release|Any CPU
		{863B7AC8-80C2-4FDF-9BAA-CFD51BAB27DF}.Debug|Any CPU.ActiveCfg = Debug|Any CPU
		{863B7AC8-80C2-4FDF-9BAA-CFD51BAB27DF}.Debug|Any CPU.Build.0 = Debug|Any CPU
		{863B7AC8-80C2-4FDF-9BAA-CFD51BAB27DF}.Release|Any CPU.ActiveCfg = Release|Any CPU
		{863B7AC8-80C2-4FDF-9BAA-CFD51BAB27DF}.Release|Any CPU.Build.0 = Release|Any CPU
	EndGlobalSection
EndGlobal
